
Microsoft Visual Studio Solution File, Format Version 12.00
# Visual Studio Version 16
VisualStudioVersion = 16.0.31229.75
MinimumVisualStudioVersion = 10.0.40219.1
Project("{8BC9CEB8-8B4A-11D0-8D11-00A0C91BC942}") = "SK-Lib-cmath-asinh-Bagian5__CPP", "SK-Lib-cmath-asinh-Bagian5__CPP\SK-Lib-cmath-asinh-Bagian5__CPP.vcxproj", "{9C3B5A26-F135-441F-A8CE-BDBEAECE0137}"
EndProject
Global
	GlobalSection(SolutionConfigurationPlatforms) = preSolution
		Debug|x64 = Debug|x64
		Debug|x86 = Debug|x86
		Release|x64 = Release|x64
		Release|x86 = Release|x86
	EndGlobalSection
	GlobalSection(ProjectConfigurationPlatforms) = postSolution
		{9C3B5A26-F135-441F-A8CE-BDBEAECE0137}.Debug|x64.ActiveCfg = Debug|x64
		{9C3B5A26-F135-441F-A8CE-BDBEAECE0137}.Debug|x64.Build.0 = Debug|x64
		{9C3B5A26-F135-441F-A8CE-BDBEAECE0137}.Debug|x86.ActiveCfg = Debug|Win32
		{9C3B5A26-F135-441F-A8CE-BDBEAECE0137}.Debug|x86.Build.0 = Debug|Win32
		{9C3B5A26-F135-441F-A8CE-BDBEAECE0137}.Release|x64.ActiveCfg = Release|x64
		{9C3B5A26-F135-441F-A8CE-BDBEAECE0137}.Release|x64.Build.0 = Release|x64
		{9C3B5A26-F135-441F-A8CE-BDBEAECE0137}.Release|x86.ActiveCfg = Release|Win32
		{9C3B5A26-F135-441F-A8CE-BDBEAECE0137}.Release|x86.Build.0 = Release|Win32
	EndGlobalSection
	GlobalSection(SolutionProperties) = preSolution
		HideSolutionNode = FALSE
	EndGlobalSection
	GlobalSection(ExtensibilityGlobals) = postSolution
		SolutionGuid = {1B250C54-C509-4CFE-9ABB-635E50D8D094}
	EndGlobalSection
EndGlobal
